
Microsoft Visual Studio Solution File, Format Version 12.00
# Visual Studio Version 17
VisualStudioVersion = 17.5.33516.290
MinimumVisualStudioVersion = 10.0.40219.1
Project("{FAE04EC0-301F-11D3-BF4B-00C04F79EFBC}") = "demo_product", "demo_product\demo_product.csproj", "{FD030825-F34E-4028-83FD-0F0C81DB0D67}"
EndProject
Global
	GlobalSection(SolutionConfigurationPlatforms) = preSolution
		Debug|Any CPU = Debug|Any CPU
		Release|Any CPU = Release|Any CPU
	EndGlobalSection
	GlobalSection(ProjectConfigurationPlatforms) = postSolution
		{FD030825-F34E-4028-83FD-0F0C81DB0D67}.Debug|Any CPU.ActiveCfg = Debug|Any CPU
		{FD030825-F34E-4028-83FD-0F0C81DB0D67}.Debug|Any CPU.Build.0 = Debug|Any CPU
		{FD030825-F34E-4028-83FD-0F0C81DB0D67}.Release|Any CPU.ActiveCfg = Release|Any CPU
		{FD030825-F34E-4028-83FD-0F0C81DB0D67}.Release|Any CPU.Build.0 = Release|Any CPU
	EndGlobalSection
	GlobalSection(SolutionProperties) = preSolution
		HideSolutionNode = FALSE
	EndGlobalSection
	GlobalSection(ExtensibilityGlobals) = postSolution
		SolutionGuid = {3656CE14-745C-4DB6-AE4D-AD5E564477A6}
	EndGlobalSection
EndGlobal
